
Microsoft Visual Studio Solution File, Format Version 12.00
# Visual Studio Version 17
VisualStudioVersion = 17.13.35931.197
MinimumVisualStudioVersion = 10.0.40219.1
Project("{FAE04EC0-301F-11D3-BF4B-00C04F79EFBC}") = "exament1", "exament1\exament1.csproj", "{16107327-4F9E-4AE4-8202-5F0CF267ACF6}"
EndProject
Project("{FAE04EC0-301F-11D3-BF4B-00C04F79EFBC}") = "ConsoleApp1", "ConsoleApp1\ConsoleApp1.csproj", "{04ED7BF2-F4F9-4606-A3CE-2C1C3B327EC9}"
EndProject
Global
	GlobalSection(SolutionConfigurationPlatforms) = preSolution
		Debug|Any CPU = Debug|Any CPU
		Release|Any CPU = Release|Any CPU
	EndGlobalSection
	GlobalSection(ProjectConfigurationPlatforms) = postSolution
		{16107327-4F9E-4AE4-8202-5F0CF267ACF6}.Debug|Any CPU.ActiveCfg = Debug|Any CPU
		{16107327-4F9E-4AE4-8202-5F0CF267ACF6}.Debug|Any CPU.Build.0 = Debug|Any CPU
		{16107327-4F9E-4AE4-8202-5F0CF267ACF6}.Release|Any CPU.ActiveCfg = Release|Any CPU
		{16107327-4F9E-4AE4-8202-5F0CF267ACF6}.Release|Any CPU.Build.0 = Release|Any CPU
		{04ED7BF2-F4F9-4606-A3CE-2C1C3B327EC9}.Debug|Any CPU.ActiveCfg = Debug|Any CPU
		{04ED7BF2-F4F9-4606-A3CE-2C1C3B327EC9}.Debug|Any CPU.Build.0 = Debug|Any CPU
		{04ED7BF2-F4F9-4606-A3CE-2C1C3B327EC9}.Release|Any CPU.ActiveCfg = Release|Any CPU
		{04ED7BF2-F4F9-4606-A3CE-2C1C3B327EC9}.Release|Any CPU.Build.0 = Release|Any CPU
	EndGlobalSection
	GlobalSection(SolutionProperties) = preSolution
		HideSolutionNode = FALSE
	EndGlobalSection
	GlobalSection(ExtensibilityGlobals) = postSolution
		SolutionGuid = {A0657552-783C-464D-A242-25240262EFC9}
	EndGlobalSection
EndGlobal
